
Microsoft Visual Studio Solution File, Format Version 11.00
# Visual Studio 2010
Project("{FAE04EC0-301F-11D3-BF4B-00C04F79EFBC}") = "Binding", "Binding\Binding.csproj", "{E1CD529B-E3F1-4660-AA4F-1670E0992553}"
EndProject
Project("{FAE04EC0-301F-11D3-BF4B-00C04F79EFBC}") = "ConsoleFrameworkMono", "ConsoleFramework\ConsoleFrameworkMono.csproj", "{03300A54-DEC4-41A8-9C9A-591805400C76}"
EndProject
Project("{FAE04EC0-301F-11D3-BF4B-00C04F79EFBC}") = "ExamplesMono", "Examples\ExamplesMono.csproj", "{2BBC9906-5CEB-40DD-84E0-6D037EF159CA}"
EndProject
Global
	GlobalSection(SolutionConfigurationPlatforms) = preSolution
		Debug|x86 = Debug|x86
		Release|x86 = Release|x86
	EndGlobalSection
	GlobalSection(ProjectConfigurationPlatforms) = postSolution
		{03300A54-DEC4-41A8-9C9A-591805400C76}.Debug|x86.ActiveCfg = Debug|x86
		{03300A54-DEC4-41A8-9C9A-591805400C76}.Debug|x86.Build.0 = Debug|x86
		{03300A54-DEC4-41A8-9C9A-591805400C76}.Release|x86.ActiveCfg = Release|x86
		{03300A54-DEC4-41A8-9C9A-591805400C76}.Release|x86.Build.0 = Release|x86
		{2BBC9906-5CEB-40DD-84E0-6D037EF159CA}.Debug|x86.ActiveCfg = Debug|x86
		{2BBC9906-5CEB-40DD-84E0-6D037EF159CA}.Debug|x86.Build.0 = Debug|x86
		{2BBC9906-5CEB-40DD-84E0-6D037EF159CA}.Release|x86.ActiveCfg = Release|x86
		{2BBC9906-5CEB-40DD-84E0-6D037EF159CA}.Release|x86.Build.0 = Release|x86
		{E1CD529B-E3F1-4660-AA4F-1670E0992553}.Debug|x86.ActiveCfg = Debug|x86
		{E1CD529B-E3F1-4660-AA4F-1670E0992553}.Debug|x86.Build.0 = Debug|x86
		{E1CD529B-E3F1-4660-AA4F-1670E0992553}.Release|x86.ActiveCfg = Release|x86
		{E1CD529B-E3F1-4660-AA4F-1670E0992553}.Release|x86.Build.0 = Release|x86
	EndGlobalSection
	GlobalSection(MonoDevelopProperties) = preSolution
		StartupItem = Examples\ExamplesMono.csproj
	EndGlobalSection
EndGlobal
