
Microsoft Visual Studio Solution File, Format Version 12.00
# Visual Studio 15
VisualStudioVersion = 15.0.27130.2036
MinimumVisualStudioVersion = 10.0.40219.1
Project("{9A19103F-16F7-4668-BE54-9A1E7A4F7556}") = "ConsoleFramework", "ConsoleFramework\ConsoleFramework.csproj", "{B1496225-E3CE-4FEF-A7BA-8B6612DE35DA}"
EndProject
Project("{9A19103F-16F7-4668-BE54-9A1E7A4F7556}") = "ManyControls", "ExamplesStandalone\ManyControls\ManyControls.csproj", "{20E4164D-D86A-4042-B1BE-353E21CFDA06}"
EndProject
Project("{9A19103F-16F7-4668-BE54-9A1E7A4F7556}") = "Tests", "Tests\Tests.csproj", "{C19D960E-D8DC-442E-9BC4-8FB1085F72F5}"
EndProject
Project("{FAE04EC0-301F-11D3-BF4B-00C04F79EFBC}") = "TextEditor", "ExamplesStandalone\TextEditor\TextEditor.csproj", "{44D5A702-72D9-4543-94C5-D9CC0BA12586}"
EndProject
Global
	GlobalSection(SolutionConfigurationPlatforms) = preSolution
		Debug|Any CPU = Debug|Any CPU
		DebugMono|Any CPU = DebugMono|Any CPU
		Release|Any CPU = Release|Any CPU
	EndGlobalSection
	GlobalSection(ProjectConfigurationPlatforms) = postSolution
		{B1496225-E3CE-4FEF-A7BA-8B6612DE35DA}.Debug|Any CPU.ActiveCfg = Debug|Any CPU
		{B1496225-E3CE-4FEF-A7BA-8B6612DE35DA}.Debug|Any CPU.Build.0 = Debug|Any CPU
		{B1496225-E3CE-4FEF-A7BA-8B6612DE35DA}.DebugMono|Any CPU.ActiveCfg = Debug|Any CPU
		{B1496225-E3CE-4FEF-A7BA-8B6612DE35DA}.DebugMono|Any CPU.Build.0 = Debug|Any CPU
		{B1496225-E3CE-4FEF-A7BA-8B6612DE35DA}.Release|Any CPU.ActiveCfg = Release|Any CPU
		{B1496225-E3CE-4FEF-A7BA-8B6612DE35DA}.Release|Any CPU.Build.0 = Release|Any CPU
		{20E4164D-D86A-4042-B1BE-353E21CFDA06}.Debug|Any CPU.ActiveCfg = Debug|Any CPU
		{20E4164D-D86A-4042-B1BE-353E21CFDA06}.Debug|Any CPU.Build.0 = Debug|Any CPU
		{20E4164D-D86A-4042-B1BE-353E21CFDA06}.DebugMono|Any CPU.ActiveCfg = Debug|Any CPU
		{20E4164D-D86A-4042-B1BE-353E21CFDA06}.DebugMono|Any CPU.Build.0 = Debug|Any CPU
		{20E4164D-D86A-4042-B1BE-353E21CFDA06}.Release|Any CPU.ActiveCfg = Release|Any CPU
		{20E4164D-D86A-4042-B1BE-353E21CFDA06}.Release|Any CPU.Build.0 = Release|Any CPU
		{C19D960E-D8DC-442E-9BC4-8FB1085F72F5}.Debug|Any CPU.ActiveCfg = Debug|Any CPU
		{C19D960E-D8DC-442E-9BC4-8FB1085F72F5}.Debug|Any CPU.Build.0 = Debug|Any CPU
		{C19D960E-D8DC-442E-9BC4-8FB1085F72F5}.DebugMono|Any CPU.ActiveCfg = Debug|Any CPU
		{C19D960E-D8DC-442E-9BC4-8FB1085F72F5}.DebugMono|Any CPU.Build.0 = Debug|Any CPU
		{C19D960E-D8DC-442E-9BC4-8FB1085F72F5}.Release|Any CPU.ActiveCfg = Release|Any CPU
		{C19D960E-D8DC-442E-9BC4-8FB1085F72F5}.Release|Any CPU.Build.0 = Release|Any CPU
		{44D5A702-72D9-4543-94C5-D9CC0BA12586}.Debug|Any CPU.ActiveCfg = Debug|Any CPU
		{44D5A702-72D9-4543-94C5-D9CC0BA12586}.Debug|Any CPU.Build.0 = Debug|Any CPU
		{44D5A702-72D9-4543-94C5-D9CC0BA12586}.DebugMono|Any CPU.ActiveCfg = Debug|Any CPU
		{44D5A702-72D9-4543-94C5-D9CC0BA12586}.DebugMono|Any CPU.Build.0 = Debug|Any CPU
		{44D5A702-72D9-4543-94C5-D9CC0BA12586}.Release|Any CPU.ActiveCfg = Release|Any CPU
		{44D5A702-72D9-4543-94C5-D9CC0BA12586}.Release|Any CPU.Build.0 = Release|Any CPU
	EndGlobalSection
	GlobalSection(SolutionProperties) = preSolution
		HideSolutionNode = FALSE
	EndGlobalSection
	GlobalSection(ExtensibilityGlobals) = postSolution
		SolutionGuid = {8EFB21E3-66A1-4FC1-A350-B7B86243181A}
	EndGlobalSection
EndGlobal
