
Microsoft Visual Studio Solution File, Format Version 12.00
# Visual Studio 15
VisualStudioVersion = 15.0.27130.2036
MinimumVisualStudioVersion = 10.0.40219.1
Project("{9A19103F-16F7-4668-BE54-9A1E7A4F7556}") = "Binding", "Binding\Binding.csproj", "{8BF04644-0165-4F60-B30C-52F1C8F147EF}"
EndProject
Project("{9A19103F-16F7-4668-BE54-9A1E7A4F7556}") = "Xaml", "Xaml\Xaml.csproj", "{B8C69EC3-3763-4DA1-BAB7-109A78D055DD}"
EndProject
Project("{9A19103F-16F7-4668-BE54-9A1E7A4F7556}") = "ConsoleFramework", "ConsoleFramework\ConsoleFramework.csproj", "{B1496225-E3CE-4FEF-A7BA-8B6612DE35DA}"
EndProject
Project("{9A19103F-16F7-4668-BE54-9A1E7A4F7556}") = "ManyControls", "ExamplesStandalone\ManyControls\ManyControls.csproj", "{20E4164D-D86A-4042-B1BE-353E21CFDA06}"
EndProject
Project("{9A19103F-16F7-4668-BE54-9A1E7A4F7556}") = "Tests", "Tests\Tests.csproj", "{C19D960E-D8DC-442E-9BC4-8FB1085F72F5}"
EndProject
Project("{FAE04EC0-301F-11D3-BF4B-00C04F79EFBC}") = "TextEditor", "ExamplesStandalone\TextEditor\TextEditor.csproj", "{44D5A702-72D9-4543-94C5-D9CC0BA12586}"
EndProject
Project("{FAE04EC0-301F-11D3-BF4B-00C04F79EFBC}") = "AsyncUiUpdate", "Examples\AsyncUiUpdate\AsyncUiUpdate.csproj", "{250CD099-E253-40DD-957B-06DC79DA6FF2}"
EndProject
Project("{FAE04EC0-301F-11D3-BF4B-00C04F79EFBC}") = "CheckBoxes", "Examples\CheckBoxes\CheckBoxes.csproj", "{08039BC7-8095-497B-81D9-64D36317092C}"
EndProject
Project("{FAE04EC0-301F-11D3-BF4B-00C04F79EFBC}") = "Commands", "Examples\Commands\Commands.csproj", "{EEAA484A-B61D-4CB4-9CD3-9393577CA169}"
EndProject
Project("{FAE04EC0-301F-11D3-BF4B-00C04F79EFBC}") = "MainMenu", "Examples\MainMenu\MainMenu.csproj", "{7C56773F-70DF-439E-B797-0FF4C8A7A412}"
EndProject
Project("{FAE04EC0-301F-11D3-BF4B-00C04F79EFBC}") = "RadioButtons", "Examples\RadioButtons\RadioButtons.csproj", "{6C5ACA60-61A7-47E2-AC9B-7EEF5D302F06}"
EndProject
Project("{FAE04EC0-301F-11D3-BF4B-00C04F79EFBC}") = "TabControl", "Examples\TabControl\TabControl.csproj", "{4E5F62A8-47DB-48F9-8234-88DA7CF1F4EA}"
EndProject
Project("{FAE04EC0-301F-11D3-BF4B-00C04F79EFBC}") = "TreeView", "Examples\TreeView\TreeView.csproj", "{1518F7B1-CC7B-481E-9837-4CED06A5DA83}"
EndProject
Project("{FAE04EC0-301F-11D3-BF4B-00C04F79EFBC}") = "Grid", "Examples\Grid\Grid.csproj", "{671BEE42-4A2B-4E42-BEB7-3E66F57168AF}"
EndProject
Global
	GlobalSection(SolutionConfigurationPlatforms) = preSolution
		Debug|Any CPU = Debug|Any CPU
		DebugMono|Any CPU = DebugMono|Any CPU
		Release|Any CPU = Release|Any CPU
	EndGlobalSection
	GlobalSection(ProjectConfigurationPlatforms) = postSolution
		{8BF04644-0165-4F60-B30C-52F1C8F147EF}.Debug|Any CPU.ActiveCfg = Debug|Any CPU
		{8BF04644-0165-4F60-B30C-52F1C8F147EF}.Debug|Any CPU.Build.0 = Debug|Any CPU
		{8BF04644-0165-4F60-B30C-52F1C8F147EF}.DebugMono|Any CPU.ActiveCfg = Debug|Any CPU
		{8BF04644-0165-4F60-B30C-52F1C8F147EF}.DebugMono|Any CPU.Build.0 = Debug|Any CPU
		{8BF04644-0165-4F60-B30C-52F1C8F147EF}.Release|Any CPU.ActiveCfg = Release|Any CPU
		{8BF04644-0165-4F60-B30C-52F1C8F147EF}.Release|Any CPU.Build.0 = Release|Any CPU
		{B8C69EC3-3763-4DA1-BAB7-109A78D055DD}.Debug|Any CPU.ActiveCfg = Debug|Any CPU
		{B8C69EC3-3763-4DA1-BAB7-109A78D055DD}.Debug|Any CPU.Build.0 = Debug|Any CPU
		{B8C69EC3-3763-4DA1-BAB7-109A78D055DD}.DebugMono|Any CPU.ActiveCfg = Debug|Any CPU
		{B8C69EC3-3763-4DA1-BAB7-109A78D055DD}.DebugMono|Any CPU.Build.0 = Debug|Any CPU
		{B8C69EC3-3763-4DA1-BAB7-109A78D055DD}.Release|Any CPU.ActiveCfg = Release|Any CPU
		{B8C69EC3-3763-4DA1-BAB7-109A78D055DD}.Release|Any CPU.Build.0 = Release|Any CPU
		{B1496225-E3CE-4FEF-A7BA-8B6612DE35DA}.Debug|Any CPU.ActiveCfg = Debug|Any CPU
		{B1496225-E3CE-4FEF-A7BA-8B6612DE35DA}.Debug|Any CPU.Build.0 = Debug|Any CPU
		{B1496225-E3CE-4FEF-A7BA-8B6612DE35DA}.DebugMono|Any CPU.ActiveCfg = Debug|Any CPU
		{B1496225-E3CE-4FEF-A7BA-8B6612DE35DA}.DebugMono|Any CPU.Build.0 = Debug|Any CPU
		{B1496225-E3CE-4FEF-A7BA-8B6612DE35DA}.Release|Any CPU.ActiveCfg = Release|Any CPU
		{B1496225-E3CE-4FEF-A7BA-8B6612DE35DA}.Release|Any CPU.Build.0 = Release|Any CPU
		{20E4164D-D86A-4042-B1BE-353E21CFDA06}.Debug|Any CPU.ActiveCfg = Debug|Any CPU
		{20E4164D-D86A-4042-B1BE-353E21CFDA06}.Debug|Any CPU.Build.0 = Debug|Any CPU
		{20E4164D-D86A-4042-B1BE-353E21CFDA06}.DebugMono|Any CPU.ActiveCfg = Debug|Any CPU
		{20E4164D-D86A-4042-B1BE-353E21CFDA06}.DebugMono|Any CPU.Build.0 = Debug|Any CPU
		{20E4164D-D86A-4042-B1BE-353E21CFDA06}.Release|Any CPU.ActiveCfg = Release|Any CPU
		{20E4164D-D86A-4042-B1BE-353E21CFDA06}.Release|Any CPU.Build.0 = Release|Any CPU
		{C19D960E-D8DC-442E-9BC4-8FB1085F72F5}.Debug|Any CPU.ActiveCfg = Debug|Any CPU
		{C19D960E-D8DC-442E-9BC4-8FB1085F72F5}.Debug|Any CPU.Build.0 = Debug|Any CPU
		{C19D960E-D8DC-442E-9BC4-8FB1085F72F5}.DebugMono|Any CPU.ActiveCfg = Debug|Any CPU
		{C19D960E-D8DC-442E-9BC4-8FB1085F72F5}.DebugMono|Any CPU.Build.0 = Debug|Any CPU
		{C19D960E-D8DC-442E-9BC4-8FB1085F72F5}.Release|Any CPU.ActiveCfg = Release|Any CPU
		{C19D960E-D8DC-442E-9BC4-8FB1085F72F5}.Release|Any CPU.Build.0 = Release|Any CPU
		{44D5A702-72D9-4543-94C5-D9CC0BA12586}.Debug|Any CPU.ActiveCfg = Debug|Any CPU
		{44D5A702-72D9-4543-94C5-D9CC0BA12586}.Debug|Any CPU.Build.0 = Debug|Any CPU
		{44D5A702-72D9-4543-94C5-D9CC0BA12586}.DebugMono|Any CPU.ActiveCfg = Debug|Any CPU
		{44D5A702-72D9-4543-94C5-D9CC0BA12586}.DebugMono|Any CPU.Build.0 = Debug|Any CPU
		{44D5A702-72D9-4543-94C5-D9CC0BA12586}.Release|Any CPU.ActiveCfg = Release|Any CPU
		{44D5A702-72D9-4543-94C5-D9CC0BA12586}.Release|Any CPU.Build.0 = Release|Any CPU
		{250CD099-E253-40DD-957B-06DC79DA6FF2}.Debug|Any CPU.ActiveCfg = Debug|Any CPU
		{250CD099-E253-40DD-957B-06DC79DA6FF2}.Debug|Any CPU.Build.0 = Debug|Any CPU
		{250CD099-E253-40DD-957B-06DC79DA6FF2}.DebugMono|Any CPU.ActiveCfg = Debug|Any CPU
		{250CD099-E253-40DD-957B-06DC79DA6FF2}.DebugMono|Any CPU.Build.0 = Debug|Any CPU
		{250CD099-E253-40DD-957B-06DC79DA6FF2}.Release|Any CPU.ActiveCfg = Release|Any CPU
		{250CD099-E253-40DD-957B-06DC79DA6FF2}.Release|Any CPU.Build.0 = Release|Any CPU
		{08039BC7-8095-497B-81D9-64D36317092C}.Debug|Any CPU.ActiveCfg = Debug|Any CPU
		{08039BC7-8095-497B-81D9-64D36317092C}.Debug|Any CPU.Build.0 = Debug|Any CPU
		{08039BC7-8095-497B-81D9-64D36317092C}.DebugMono|Any CPU.ActiveCfg = Debug|Any CPU
		{08039BC7-8095-497B-81D9-64D36317092C}.DebugMono|Any CPU.Build.0 = Debug|Any CPU
		{08039BC7-8095-497B-81D9-64D36317092C}.Release|Any CPU.ActiveCfg = Release|Any CPU
		{08039BC7-8095-497B-81D9-64D36317092C}.Release|Any CPU.Build.0 = Release|Any CPU
		{EEAA484A-B61D-4CB4-9CD3-9393577CA169}.Debug|Any CPU.ActiveCfg = Debug|Any CPU
		{EEAA484A-B61D-4CB4-9CD3-9393577CA169}.Debug|Any CPU.Build.0 = Debug|Any CPU
		{EEAA484A-B61D-4CB4-9CD3-9393577CA169}.DebugMono|Any CPU.ActiveCfg = Debug|Any CPU
		{EEAA484A-B61D-4CB4-9CD3-9393577CA169}.DebugMono|Any CPU.Build.0 = Debug|Any CPU
		{EEAA484A-B61D-4CB4-9CD3-9393577CA169}.Release|Any CPU.ActiveCfg = Release|Any CPU
		{EEAA484A-B61D-4CB4-9CD3-9393577CA169}.Release|Any CPU.Build.0 = Release|Any CPU
		{7C56773F-70DF-439E-B797-0FF4C8A7A412}.Debug|Any CPU.ActiveCfg = Debug|Any CPU
		{7C56773F-70DF-439E-B797-0FF4C8A7A412}.Debug|Any CPU.Build.0 = Debug|Any CPU
		{7C56773F-70DF-439E-B797-0FF4C8A7A412}.DebugMono|Any CPU.ActiveCfg = Debug|Any CPU
		{7C56773F-70DF-439E-B797-0FF4C8A7A412}.DebugMono|Any CPU.Build.0 = Debug|Any CPU
		{7C56773F-70DF-439E-B797-0FF4C8A7A412}.Release|Any CPU.ActiveCfg = Release|Any CPU
		{7C56773F-70DF-439E-B797-0FF4C8A7A412}.Release|Any CPU.Build.0 = Release|Any CPU
		{6C5ACA60-61A7-47E2-AC9B-7EEF5D302F06}.Debug|Any CPU.ActiveCfg = Debug|Any CPU
		{6C5ACA60-61A7-47E2-AC9B-7EEF5D302F06}.Debug|Any CPU.Build.0 = Debug|Any CPU
		{6C5ACA60-61A7-47E2-AC9B-7EEF5D302F06}.DebugMono|Any CPU.ActiveCfg = Debug|Any CPU
		{6C5ACA60-61A7-47E2-AC9B-7EEF5D302F06}.DebugMono|Any CPU.Build.0 = Debug|Any CPU
		{6C5ACA60-61A7-47E2-AC9B-7EEF5D302F06}.Release|Any CPU.ActiveCfg = Release|Any CPU
		{6C5ACA60-61A7-47E2-AC9B-7EEF5D302F06}.Release|Any CPU.Build.0 = Release|Any CPU
		{4E5F62A8-47DB-48F9-8234-88DA7CF1F4EA}.Debug|Any CPU.ActiveCfg = Debug|Any CPU
		{4E5F62A8-47DB-48F9-8234-88DA7CF1F4EA}.Debug|Any CPU.Build.0 = Debug|Any CPU
		{4E5F62A8-47DB-48F9-8234-88DA7CF1F4EA}.DebugMono|Any CPU.ActiveCfg = Debug|Any CPU
		{4E5F62A8-47DB-48F9-8234-88DA7CF1F4EA}.DebugMono|Any CPU.Build.0 = Debug|Any CPU
		{4E5F62A8-47DB-48F9-8234-88DA7CF1F4EA}.Release|Any CPU.ActiveCfg = Release|Any CPU
		{4E5F62A8-47DB-48F9-8234-88DA7CF1F4EA}.Release|Any CPU.Build.0 = Release|Any CPU
		{1518F7B1-CC7B-481E-9837-4CED06A5DA83}.Debug|Any CPU.ActiveCfg = Debug|Any CPU
		{1518F7B1-CC7B-481E-9837-4CED06A5DA83}.Debug|Any CPU.Build.0 = Debug|Any CPU
		{1518F7B1-CC7B-481E-9837-4CED06A5DA83}.DebugMono|Any CPU.ActiveCfg = Debug|Any CPU
		{1518F7B1-CC7B-481E-9837-4CED06A5DA83}.DebugMono|Any CPU.Build.0 = Debug|Any CPU
		{1518F7B1-CC7B-481E-9837-4CED06A5DA83}.Release|Any CPU.ActiveCfg = Release|Any CPU
		{1518F7B1-CC7B-481E-9837-4CED06A5DA83}.Release|Any CPU.Build.0 = Release|Any CPU
		{671BEE42-4A2B-4E42-BEB7-3E66F57168AF}.Debug|Any CPU.ActiveCfg = Debug|Any CPU
		{671BEE42-4A2B-4E42-BEB7-3E66F57168AF}.Debug|Any CPU.Build.0 = Debug|Any CPU
		{671BEE42-4A2B-4E42-BEB7-3E66F57168AF}.DebugMono|Any CPU.ActiveCfg = Debug|Any CPU
		{671BEE42-4A2B-4E42-BEB7-3E66F57168AF}.DebugMono|Any CPU.Build.0 = Debug|Any CPU
		{671BEE42-4A2B-4E42-BEB7-3E66F57168AF}.Release|Any CPU.ActiveCfg = Release|Any CPU
		{671BEE42-4A2B-4E42-BEB7-3E66F57168AF}.Release|Any CPU.Build.0 = Release|Any CPU
	EndGlobalSection
	GlobalSection(SolutionProperties) = preSolution
		HideSolutionNode = FALSE
	EndGlobalSection
	GlobalSection(ExtensibilityGlobals) = postSolution
		SolutionGuid = {8EFB21E3-66A1-4FC1-A350-B7B86243181A}
	EndGlobalSection
EndGlobal
